PODS:
  - Mapbox-iOS-SDK (6.2.0):
    - MapboxMobileEvents (~> 0.10.4)
  - MapboxMobileEvents (0.10.4)
  - Wormholy (1.6.3)

DEPENDENCIES:
  - Mapbox-iOS-SDK (= 6.2.0)
  - Wormholy

SPEC REPOS:
  trunk:
    - Mapbox-iOS-SDK
    - MapboxMobileEvents
    - Wormholy

SPEC CHECKSUMS:
  Mapbox-iOS-SDK: edea81429a4d56b944946d6abdf8152f3d1e5c5f
  MapboxMobileEvents: 3dc72ea23e62d4afd64d3242f04686405b4a0e98
  Wormholy: bfc1c8679eefd0edd92638758e21c3961b1b3b50

PODFILE CHECKSUM: 5e21e405e2b4997f67c8c3d60fe2239fb113c140

COCOAPODS: 1.9.3
