PODS:
  - Mapbox-iOS-SDK (6.2.0-beta.2):
    - MapboxMobileEvents (~> 0.10.2)
  - MapboxMobileEvents (0.10.3)

DEPENDENCIES:
  - Mapbox-iOS-SDK (= 6.2.0-beta.2)

SPEC REPOS:
  trunk:
    - Mapbox-iOS-SDK
    - MapboxMobileEvents

SPEC CHECKSUMS:
  Mapbox-iOS-SDK: 930668acc34f6a105458012682c93998d0224998
  MapboxMobileEvents: e7ed269896eadbe7a756a16614955aa9db20a7a0

PODFILE CHECKSUM: 7900d70da732da1557556c9305692e3c150d9067

COCOAPODS: 1.9.3
